// !$*UTF8*$!
{
	archiveVersion = 1;
	classes = {
	};
	objectVersion = 55;
	objects = {

/* Begin PBXBuildFile section */
		78143F5828646DFD001039A9 /* BoardInitializeTest.swift in Sources */ = {isa = PBXBuildFile; fileRef = 78143F5728646DFD001039A9 /* BoardInitializeTest.swift */; };
		782FF1172860D2D800685A53 /* Location.swift in Sources */ = {isa = PBXBuildFile; fileRef = 782FF1162860D2D800685A53 /* Location.swift */; };
		7834CD0A2860429500E4A387 /* AppDelegate.swift in Sources */ = {isa = PBXBuildFile; fileRef = 7834CD092860429500E4A387 /* AppDelegate.swift */; };
		7834CD0C2860429500E4A387 /* SceneDelegate.swift in Sources */ = {isa = PBXBuildFile; fileRef = 7834CD0B2860429500E4A387 /* SceneDelegate.swift */; };
		7834CD132860429600E4A387 /* Assets.xcassets in Resources */ = {isa = PBXBuildFile; fileRef = 7834CD122860429600E4A387 /* Assets.xcassets */; };
		7834CD162860429600E4A387 /* LaunchScreen.storyboard in Resources */ = {isa = PBXBuildFile; fileRef = 7834CD142860429600E4A387 /* LaunchScreen.storyboard */; };
		7834CD1F2860465100E4A387 /* ChessPiece.swift in Sources */ = {isa = PBXBuildFile; fileRef = 7834CD1E2860465100E4A387 /* ChessPiece.swift */; };
		7834CD3628605CDC00E4A387 /* Queen.swift in Sources */ = {isa = PBXBuildFile; fileRef = 7834CD3528605CDC00E4A387 /* Queen.swift */; };
		7834CD3828605CE600E4A387 /* Rook.swift in Sources */ = {isa = PBXBuildFile; fileRef = 7834CD3728605CE600E4A387 /* Rook.swift */; };
		7834CD3A28605CF300E4A387 /* Bishop.swift in Sources */ = {isa = PBXBuildFile; fileRef = 7834CD3928605CF300E4A387 /* Bishop.swift */; };
		7834CD3C28605CF700E4A387 /* Knight.swift in Sources */ = {isa = PBXBuildFile; fileRef = 7834CD3B28605CF700E4A387 /* Knight.swift */; };
		7834CD3E28605CFA00E4A387 /* Pawn.swift in Sources */ = {isa = PBXBuildFile; fileRef = 7834CD3D28605CFA00E4A387 /* Pawn.swift */; };
		7834CD4128605D3F00E4A387 /* Board.swift in Sources */ = {isa = PBXBuildFile; fileRef = 7834CD4028605D3F00E4A387 /* Board.swift */; };
		7834CD4928605D8D00E4A387 /* ChessPieceInitializeTest.swift in Sources */ = {isa = PBXBuildFile; fileRef = 7834CD4828605D8D00E4A387 /* ChessPieceInitializeTest.swift */; };
		78C2446828699C980000F942 /* BoardTest.swift in Sources */ = {isa = PBXBuildFile; fileRef = 78C2446728699C980000F942 /* BoardTest.swift */; };
		78C2446A2869D3F60000F942 /* ChessPieceTest.swift in Sources */ = {isa = PBXBuildFile; fileRef = 78C244692869D3F60000F942 /* ChessPieceTest.swift */; };
		78C2446D2869FF600000F942 /* BoardView.swift in Sources */ = {isa = PBXBuildFile; fileRef = 78C2446C2869FF600000F942 /* BoardView.swift */; };
		78C2446F2869FFA20000F942 /* BoardViewController.swift in Sources */ = {isa = PBXBuildFile; fileRef = 78C2446E2869FFA20000F942 /* BoardViewController.swift */; };
		78EA48B928647F4500D527FF /* LocationInitializeTest.swift in Sources */ = {isa = PBXBuildFile; fileRef = 78EA48B828647F4500D527FF /* LocationInitializeTest.swift */; };
/* End PBXBuildFile section */

/* Begin PBXContainerItemProxy section */
		7834CD4A28605D8D00E4A387 /* PBXContainerItemProxy */ = {
			isa = PBXContainerItemProxy;
			containerPortal = 7834CCFE2860429500E4A387 /* Project object */;
			proxyType = 1;
			remoteGlobalIDString = 7834CD052860429500E4A387;
			remoteInfo = SwiftChessGame;
		};
/* End PBXContainerItemProxy section */

/* Begin PBXFileReference section */
		78143F5728646DFD001039A9 /* BoardInitializeTest.swift */ = {isa = PBXFileReference; lastKnownFileType = sourcecode.swift; path = BoardInitializeTest.swift; sourceTree = "<group>"; };
		782FF1162860D2D800685A53 /* Location.swift */ = {isa = PBXFileReference; lastKnownFileType = sourcecode.swift; path = Location.swift; sourceTree = "<group>"; };
		7834CD062860429500E4A387 /* SwiftChessGame.app */ = {isa = PBXFileReference; explicitFileType = wrapper.application; includeInIndex = 0; path = SwiftChessGame.app; sourceTree = BUILT_PRODUCTS_DIR; };
		7834CD092860429500E4A387 /* AppDelegate.swift */ = {isa = PBXFileReference; lastKnownFileType = sourcecode.swift; path = AppDelegate.swift; sourceTree = "<group>"; };
		7834CD0B2860429500E4A387 /* SceneDelegate.swift */ = {isa = PBXFileReference; lastKnownFileType = sourcecode.swift; path = SceneDelegate.swift; sourceTree = "<group>"; };
		7834CD122860429600E4A387 /* Assets.xcassets */ = {isa = PBXFileReference; lastKnownFileType = folder.assetcatalog; path = Assets.xcassets; sourceTree = "<group>"; };
		7834CD152860429600E4A387 /* Base */ = {isa = PBXFileReference; lastKnownFileType = file.storyboard; name = Base; path = Base.lproj/LaunchScreen.storyboard; sourceTree = "<group>"; };
		7834CD172860429600E4A387 /* Info.plist */ = {isa = PBXFileReference; lastKnownFileType = text.plist.xml; path = Info.plist; sourceTree = "<group>"; };
		7834CD1E2860465100E4A387 /* ChessPiece.swift */ = {isa = PBXFileReference; lastKnownFileType = sourcecode.swift; path = ChessPiece.swift; sourceTree = "<group>"; };
		7834CD3528605CDC00E4A387 /* Queen.swift */ = {isa = PBXFileReference; lastKnownFileType = sourcecode.swift; path = Queen.swift; sourceTree = "<group>"; };
		7834CD3728605CE600E4A387 /* Rook.swift */ = {isa = PBXFileReference; lastKnownFileType = sourcecode.swift; path = Rook.swift; sourceTree = "<group>"; };
		7834CD3928605CF300E4A387 /* Bishop.swift */ = {isa = PBXFileReference; lastKnownFileType = sourcecode.swift; path = Bishop.swift; sourceTree = "<group>"; };
		7834CD3B28605CF700E4A387 /* Knight.swift */ = {isa = PBXFileReference; lastKnownFileType = sourcecode.swift; path = Knight.swift; sourceTree = "<group>"; };
		7834CD3D28605CFA00E4A387 /* Pawn.swift */ = {isa = PBXFileReference; lastKnownFileType = sourcecode.swift; path = Pawn.swift; sourceTree = "<group>"; };
		7834CD4028605D3F00E4A387 /* Board.swift */ = {isa = PBXFileReference; lastKnownFileType = sourcecode.swift; path = Board.swift; sourceTree = "<group>"; };
		7834CD4628605D8D00E4A387 /* SwiftChessGameTests.xctest */ = {isa = PBXFileReference; explicitFileType = wrapper.cfbundle; includeInIndex = 0; path = SwiftChessGameTests.xctest; sourceTree = BUILT_PRODUCTS_DIR; };
		7834CD4828605D8D00E4A387 /* ChessPieceInitializeTest.swift */ = {isa = PBXFileReference; lastKnownFileType = sourcecode.swift; path = ChessPieceInitializeTest.swift; sourceTree = "<group>"; };
		78C2446728699C980000F942 /* BoardTest.swift */ = {isa = PBXFileReference; lastKnownFileType = sourcecode.swift; path = BoardTest.swift; sourceTree = "<group>"; };
		78C244692869D3F60000F942 /* ChessPieceTest.swift */ = {isa = PBXFileReference; lastKnownFileType = sourcecode.swift; path = ChessPieceTest.swift; sourceTree = "<group>"; };
		78C2446C2869FF600000F942 /* BoardView.swift */ = {isa = PBXFileReference; lastKnownFileType = sourcecode.swift; path = BoardView.swift; sourceTree = "<group>"; };
		78C2446E2869FFA20000F942 /* BoardViewController.swift */ = {isa = PBXFileReference; lastKnownFileType = sourcecode.swift; path = BoardViewController.swift; sourceTree = "<group>"; };
		78EA48B828647F4500D527FF /* LocationInitializeTest.swift */ = {isa = PBXFileReference; lastKnownFileType = sourcecode.swift; path = LocationInitializeTest.swift; sourceTree = "<group>"; };
/* End PBXFileReference section */

/* Begin PBXFrameworksBuildPhase section */
		7834CD032860429500E4A387 /* Frameworks */ = {
			isa = PBXFrameworksBuildPhase;
			buildActionMask = 2147483647;
			files = (
			);
			runOnlyForDeploymentPostprocessing = 0;
		};
		7834CD4328605D8D00E4A387 /* Frameworks */ = {
			isa = PBXFrameworksBuildPhase;
			buildActionMask = 2147483647;
			files = (
			);
			runOnlyForDeploymentPostprocessing = 0;
		};
/* End PBXFrameworksBuildPhase section */

/* Begin PBXGroup section */
		7834CCFD2860429500E4A387 = {
			isa = PBXGroup;
			children = (
				7834CD082860429500E4A387 /* SwiftChessGame */,
				7834CD4728605D8D00E4A387 /* SwiftChessGameTests */,
				7834CD072860429500E4A387 /* Products */,
			);
			sourceTree = "<group>";
		};
		7834CD072860429500E4A387 /* Products */ = {
			isa = PBXGroup;
			children = (
				7834CD062860429500E4A387 /* SwiftChessGame.app */,
				7834CD4628605D8D00E4A387 /* SwiftChessGameTests.xctest */,
			);
			name = Products;
			sourceTree = "<group>";
		};
		7834CD082860429500E4A387 /* SwiftChessGame */ = {
			isa = PBXGroup;
			children = (
				7834CD3F28605D3B00E4A387 /* Board */,
				7834CD1D2860462A00E4A387 /* ChessPiece */,
				78C2446B2869FF2D0000F942 /* View */,
				78C2446E2869FFA20000F942 /* BoardViewController.swift */,
				7834CD092860429500E4A387 /* AppDelegate.swift */,
				7834CD0B2860429500E4A387 /* SceneDelegate.swift */,
				7834CD122860429600E4A387 /* Assets.xcassets */,
				7834CD142860429600E4A387 /* LaunchScreen.storyboard */,
				7834CD172860429600E4A387 /* Info.plist */,
			);
			path = SwiftChessGame;
			sourceTree = "<group>";
		};
		7834CD1D2860462A00E4A387 /* ChessPiece */ = {
			isa = PBXGroup;
			children = (
				7834CD1E2860465100E4A387 /* ChessPiece.swift */,
				7834CD3528605CDC00E4A387 /* Queen.swift */,
				7834CD3728605CE600E4A387 /* Rook.swift */,
				7834CD3928605CF300E4A387 /* Bishop.swift */,
				7834CD3B28605CF700E4A387 /* Knight.swift */,
				7834CD3D28605CFA00E4A387 /* Pawn.swift */,
			);
			path = ChessPiece;
			sourceTree = "<group>";
		};
		7834CD3F28605D3B00E4A387 /* Board */ = {
			isa = PBXGroup;
			children = (
				7834CD4028605D3F00E4A387 /* Board.swift */,
				782FF1162860D2D800685A53 /* Location.swift */,
			);
			path = Board;
			sourceTree = "<group>";
		};
		7834CD4728605D8D00E4A387 /* SwiftChessGameTests */ = {
			isa = PBXGroup;
			children = (
				78143F5728646DFD001039A9 /* BoardInitializeTest.swift */,
				78C2446728699C980000F942 /* BoardTest.swift */,
				7834CD4828605D8D00E4A387 /* ChessPieceInitializeTest.swift */,
				78C244692869D3F60000F942 /* ChessPieceTest.swift */,
				78EA48B828647F4500D527FF /* LocationInitializeTest.swift */,
			);
			path = SwiftChessGameTests;
			sourceTree = "<group>";
		};
		78C2446B2869FF2D0000F942 /* View */ = {
			isa = PBXGroup;
			children = (
				78C2446C2869FF600000F942 /* BoardView.swift */,
			);
			path = View;
			sourceTree = "<group>";
		};
/* End PBXGroup section */

/* Begin PBXNativeTarget section */
		7834CD052860429500E4A387 /* SwiftChessGame */ = {
			isa = PBXNativeTarget;
			buildConfigurationList = 7834CD1A2860429600E4A387 /* Build configuration list for PBXNativeTarget "SwiftChessGame" */;
			buildPhases = (
				7834CD022860429500E4A387 /* Sources */,
				7834CD032860429500E4A387 /* Frameworks */,
				7834CD042860429500E4A387 /* Resources */,
			);
			buildRules = (
			);
			dependencies = (
			);
			name = SwiftChessGame;
			productName = SwiftChessGame;
			productReference = 7834CD062860429500E4A387 /* SwiftChessGame.app */;
			productType = "com.apple.product-type.application";
		};
		7834CD4528605D8D00E4A387 /* SwiftChessGameTests */ = {
			isa = PBXNativeTarget;
			buildConfigurationList = 7834CD4C28605D8D00E4A387 /* Build configuration list for PBXNativeTarget "SwiftChessGameTests" */;
			buildPhases = (
				7834CD4228605D8D00E4A387 /* Sources */,
				7834CD4328605D8D00E4A387 /* Frameworks */,
				7834CD4428605D8D00E4A387 /* Resources */,
			);
			buildRules = (
			);
			dependencies = (
				7834CD4B28605D8D00E4A387 /* PBXTargetDependency */,
			);
			name = SwiftChessGameTests;
			productName = SwiftChessGameTests;
			productReference = 7834CD4628605D8D00E4A387 /* SwiftChessGameTests.xctest */;
			productType = "com.apple.product-type.bundle.unit-test";
		};
/* End PBXNativeTarget section */

/* Begin PBXProject section */
		7834CCFE2860429500E4A387 /* Project object */ = {
			isa = PBXProject;
			attributes = {
				BuildIndependentTargetsInParallel = 1;
				LastSwiftUpdateCheck = 1330;
				LastUpgradeCheck = 1330;
				TargetAttributes = {
					7834CD052860429500E4A387 = {
						CreatedOnToolsVersion = 13.3;
					};
					7834CD4528605D8D00E4A387 = {
						CreatedOnToolsVersion = 13.3;
						TestTargetID = 7834CD052860429500E4A387;
					};
				};
			};
			buildConfigurationList = 7834CD012860429500E4A387 /* Build configuration list for PBXProject "SwiftChessGame" */;
			compatibilityVersion = "Xcode 13.0";
			developmentRegion = en;
			hasScannedForEncodings = 0;
			knownRegions = (
				en,
				Base,
			);
			mainGroup = 7834CCFD2860429500E4A387;
			productRefGroup = 7834CD072860429500E4A387 /* Products */;
			projectDirPath = "";
			projectRoot = "";
			targets = (
				7834CD052860429500E4A387 /* SwiftChessGame */,
				7834CD4528605D8D00E4A387 /* SwiftChessGameTests */,
			);
		};
/* End PBXProject section */

/* Begin PBXResourcesBuildPhase section */
		7834CD042860429500E4A387 /* Resources */ = {
			isa = PBXResourcesBuildPhase;
			buildActionMask = 2147483647;
			files = (
				7834CD162860429600E4A387 /* LaunchScreen.storyboard in Resources */,
				7834CD132860429600E4A387 /* Assets.xcassets in Resources */,
			);
			runOnlyForDeploymentPostprocessing = 0;
		};
		7834CD4428605D8D00E4A387 /* Resources */ = {
			isa = PBXResourcesBuildPhase;
			buildActionMask = 2147483647;
			files = (
			);
			runOnlyForDeploymentPostprocessing = 0;
		};
/* End PBXResourcesBuildPhase section */

/* Begin PBXSourcesBuildPhase section */
		7834CD022860429500E4A387 /* Sources */ = {
			isa = PBXSourcesBuildPhase;
			buildActionMask = 2147483647;
			files = (
				782FF1172860D2D800685A53 /* Location.swift in Sources */,
				7834CD3A28605CF300E4A387 /* Bishop.swift in Sources */,
				7834CD4128605D3F00E4A387 /* Board.swift in Sources */,
				7834CD3628605CDC00E4A387 /* Queen.swift in Sources */,
				7834CD3828605CE600E4A387 /* Rook.swift in Sources */,
				7834CD3C28605CF700E4A387 /* Knight.swift in Sources */,
				7834CD0A2860429500E4A387 /* AppDelegate.swift in Sources */,
				7834CD0C2860429500E4A387 /* SceneDelegate.swift in Sources */,
				78C2446D2869FF600000F942 /* BoardView.swift in Sources */,
				78C2446F2869FFA20000F942 /* BoardViewController.swift in Sources */,
				7834CD3E28605CFA00E4A387 /* Pawn.swift in Sources */,
				7834CD1F2860465100E4A387 /* ChessPiece.swift in Sources */,
			);
			runOnlyForDeploymentPostprocessing = 0;
		};
		7834CD4228605D8D00E4A387 /* Sources */ = {
			isa = PBXSourcesBuildPhase;
			buildActionMask = 2147483647;
			files = (
				78143F5828646DFD001039A9 /* BoardInitializeTest.swift in Sources */,
				7834CD4928605D8D00E4A387 /* ChessPieceInitializeTest.swift in Sources */,
				78C2446A2869D3F60000F942 /* ChessPieceTest.swift in Sources */,
				78C2446828699C980000F942 /* BoardTest.swift in Sources */,
				78EA48B928647F4500D527FF /* LocationInitializeTest.swift in Sources */,
			);
			runOnlyForDeploymentPostprocessing = 0;
		};
/* End PBXSourcesBuildPhase section */

/* Begin PBXTargetDependency section */
		7834CD4B28605D8D00E4A387 /* PBXTargetDependency */ = {
			isa = PBXTargetDependency;
			target = 7834CD052860429500E4A387 /* SwiftChessGame */;
			targetProxy = 7834CD4A28605D8D00E4A387 /* PBXContainerItemProxy */;
		};
/* End PBXTargetDependency section */

/* Begin PBXVariantGroup section */
		7834CD142860429600E4A387 /* LaunchScreen.storyboard */ = {
			isa = PBXVariantGroup;
			children = (
				7834CD152860429600E4A387 /* Base */,
			);
			name = LaunchScreen.storyboard;
			sourceTree = "<group>";
		};
/* End PBXVariantGroup section */

/* Begin XCBuildConfiguration section */
		7834CD182860429600E4A387 /* Debug */ = {
			isa = XCBuildConfiguration;
			buildSettings = {
				ALWAYS_SEARCH_USER_PATHS = NO;
				CLANG_ANALYZER_NONNULL = YES;
				CLANG_ANALYZER_NUMBER_OBJECT_CONVERSION = YES_AGGRESSIVE;
				CLANG_CXX_LANGUAGE_STANDARD = "gnu++17";
				CLANG_ENABLE_MODULES = YES;
				CLANG_ENABLE_OBJC_ARC = YES;
				CLANG_ENABLE_OBJC_WEAK = YES;
				CLANG_WARN_BLOCK_CAPTURE_AUTORELEASING = YES;
				CLANG_WARN_BOOL_CONVERSION = YES;
				CLANG_WARN_COMMA = YES;
				CLANG_WARN_CONSTANT_CONVERSION = YES;
				CLANG_WARN_DEPRECATED_OBJC_IMPLEMENTATIONS = YES;
				CLANG_WARN_DIRECT_OBJC_ISA_USAGE = YES_ERROR;
				CLANG_WARN_DOCUMENTATION_COMMENTS = YES;
				CLANG_WARN_EMPTY_BODY = YES;
				CLANG_WARN_ENUM_CONVERSION = YES;
				CLANG_WARN_INFINITE_RECURSION = YES;
				CLANG_WARN_INT_CONVERSION = YES;
				CLANG_WARN_NON_LITERAL_NULL_CONVERSION = YES;
				CLANG_WARN_OBJC_IMPLICIT_RETAIN_SELF = YES;
				CLANG_WARN_OBJC_LITERAL_CONVERSION = YES;
				CLANG_WARN_OBJC_ROOT_CLASS = YES_ERROR;
				CLANG_WARN_QUOTED_INCLUDE_IN_FRAMEWORK_HEADER = YES;
				CLANG_WARN_RANGE_LOOP_ANALYSIS = YES;
				CLANG_WARN_STRICT_PROTOTYPES = YES;
				CLANG_WARN_SUSPICIOUS_MOVE = YES;
				CLANG_WARN_UNGUARDED_AVAILABILITY = YES_AGGRESSIVE;
				CLANG_WARN_UNREACHABLE_CODE = YES;
				CLANG_WARN__DUPLICATE_METHOD_MATCH = YES;
				COPY_PHASE_STRIP = NO;
				DEBUG_INFORMATION_FORMAT = dwarf;
				ENABLE_STRICT_OBJC_MSGSEND = YES;
				ENABLE_TESTABILITY = YES;
				GCC_C_LANGUAGE_STANDARD = gnu11;
				GCC_DYNAMIC_NO_PIC = NO;
				GCC_NO_COMMON_BLOCKS = YES;
				GCC_OPTIMIZATION_LEVEL = 0;
				GCC_PREPROCESSOR_DEFINITIONS = (
					"DEBUG=1",
					"$(inherited)",
				);
				GCC_WARN_64_TO_32_BIT_CONVERSION = YES;
				GCC_WARN_ABOUT_RETURN_TYPE = YES_ERROR;
				GCC_WARN_UNDECLARED_SELECTOR = YES;
				GCC_WARN_UNINITIALIZED_AUTOS = YES_AGGRESSIVE;
				GCC_WARN_UNUSED_FUNCTION = YES;
				GCC_WARN_UNUSED_VARIABLE = YES;
				IPHONEOS_DEPLOYMENT_TARGET = 15.0;
				MTL_ENABLE_DEBUG_INFO = INCLUDE_SOURCE;
				MTL_FAST_MATH = YES;
				ONLY_ACTIVE_ARCH = YES;
				SDKROOT = iphoneos;
				SWIFT_ACTIVE_COMPILATION_CONDITIONS = DEBUG;
				SWIFT_OPTIMIZATION_LEVEL = "-Onone";
			};
			name = Debug;
		};
		7834CD192860429600E4A387 /* Release */ = {
			isa = XCBuildConfiguration;
			buildSettings = {
				ALWAYS_SEARCH_USER_PATHS = NO;
				CLANG_ANALYZER_NONNULL = YES;
				CLANG_ANALYZER_NUMBER_OBJECT_CONVERSION = YES_AGGRESSIVE;
				CLANG_CXX_LANGUAGE_STANDARD = "gnu++17";
				CLANG_ENABLE_MODULES = YES;
				CLANG_ENABLE_OBJC_ARC = YES;
				CLANG_ENABLE_OBJC_WEAK = YES;
				CLANG_WARN_BLOCK_CAPTURE_AUTORELEASING = YES;
				CLANG_WARN_BOOL_CONVERSION = YES;
				CLANG_WARN_COMMA = YES;
				CLANG_WARN_CONSTANT_CONVERSION = YES;
				CLANG_WARN_DEPRECATED_OBJC_IMPLEMENTATIONS = YES;
				CLANG_WARN_DIRECT_OBJC_ISA_USAGE = YES_ERROR;
				CLANG_WARN_DOCUMENTATION_COMMENTS = YES;
				CLANG_WARN_EMPTY_BODY = YES;
				CLANG_WARN_ENUM_CONVERSION = YES;
				CLANG_WARN_INFINITE_RECURSION = YES;
				CLANG_WARN_INT_CONVERSION = YES;
				CLANG_WARN_NON_LITERAL_NULL_CONVERSION = YES;
				CLANG_WARN_OBJC_IMPLICIT_RETAIN_SELF = YES;
				CLANG_WARN_OBJC_LITERAL_CONVERSION = YES;
				CLANG_WARN_OBJC_ROOT_CLASS = YES_ERROR;
				CLANG_WARN_QUOTED_INCLUDE_IN_FRAMEWORK_HEADER = YES;
				CLANG_WARN_RANGE_LOOP_ANALYSIS = YES;
				CLANG_WARN_STRICT_PROTOTYPES = YES;
				CLANG_WARN_SUSPICIOUS_MOVE = YES;
				CLANG_WARN_UNGUARDED_AVAILABILITY = YES_AGGRESSIVE;
				CLANG_WARN_UNREACHABLE_CODE = YES;
				CLANG_WARN__DUPLICATE_METHOD_MATCH = YES;
				COPY_PHASE_STRIP = NO;
				DEBUG_INFORMATION_FORMAT = "dwarf-with-dsym";
				ENABLE_NS_ASSERTIONS = NO;
				ENABLE_STRICT_OBJC_MSGSEND = YES;
				GCC_C_LANGUAGE_STANDARD = gnu11;
				GCC_NO_COMMON_BLOCKS = YES;
				GCC_WARN_64_TO_32_BIT_CONVERSION = YES;
				GCC_WARN_ABOUT_RETURN_TYPE = YES_ERROR;
				GCC_WARN_UNDECLARED_SELECTOR = YES;
				GCC_WARN_UNINITIALIZED_AUTOS = YES_AGGRESSIVE;
				GCC_WARN_UNUSED_FUNCTION = YES;
				GCC_WARN_UNUSED_VARIABLE = YES;
				IPHONEOS_DEPLOYMENT_TARGET = 15.0;
				MTL_ENABLE_DEBUG_INFO = NO;
				MTL_FAST_MATH = YES;
				SDKROOT = iphoneos;
				SWIFT_COMPILATION_MODE = wholemodule;
				SWIFT_OPTIMIZATION_LEVEL = "-O";
				VALIDATE_PRODUCT = YES;
			};
			name = Release;
		};
		7834CD1B2860429600E4A387 /* Debug */ = {
			isa = XCBuildConfiguration;
			buildSettings = {
				ASSETCATALOG_COMPILER_APPICON_NAME = AppIcon;
				ASSETCATALOG_COMPILER_GLOBAL_ACCENT_COLOR_NAME = AccentColor;
				CODE_SIGN_STYLE = Automatic;
				CURRENT_PROJECT_VERSION = 1;
				DEVELOPMENT_TEAM = G3JB6ZQSQ8;
				GENERATE_INFOPLIST_FILE = YES;
				INFOPLIST_FILE = SwiftChessGame/Info.plist;
				INFOPLIST_KEY_UIApplicationSupportsIndirectInputEvents = YES;
				INFOPLIST_KEY_UILaunchStoryboardName = LaunchScreen;
				INFOPLIST_KEY_UISupportedInterfaceOrientations_iPad = "UIInterfaceOrientationPortrait UIInterfaceOrientationPortraitUpsideDown UIInterfaceOrientationLandscapeLeft UIInterfaceOrientationLandscapeRight";
				INFOPLIST_KEY_UISupportedInterfaceOrientations_iPhone = "UIInterfaceOrientationPortrait UIInterfaceOrientationLandscapeLeft UIInterfaceOrientationLandscapeRight";
				LD_RUNPATH_SEARCH_PATHS = (
					"$(inherited)",
					"@executable_path/Frameworks",
				);
				MARKETING_VERSION = 1.0;
				PRODUCT_BUNDLE_IDENTIFIER = pingu.hwang.SwiftChessGame;
				PRODUCT_NAME = "$(TARGET_NAME)";
				SWIFT_EMIT_LOC_STRINGS = YES;
				SWIFT_VERSION = 5.0;
				TARGETED_DEVICE_FAMILY = "1,2";
			};
			name = Debug;
		};
		7834CD1C2860429600E4A387 /* Release */ = {
			isa = XCBuildConfiguration;
			buildSettings = {
				ASSETCATALOG_COMPILER_APPICON_NAME = AppIcon;
				ASSETCATALOG_COMPILER_GLOBAL_ACCENT_COLOR_NAME = AccentColor;
				CODE_SIGN_STYLE = Automatic;
				CURRENT_PROJECT_VERSION = 1;
				DEVELOPMENT_TEAM = G3JB6ZQSQ8;
				GENERATE_INFOPLIST_FILE = YES;
				INFOPLIST_FILE = SwiftChessGame/Info.plist;
				INFOPLIST_KEY_UIApplicationSupportsIndirectInputEvents = YES;
				INFOPLIST_KEY_UILaunchStoryboardName = LaunchScreen;
				INFOPLIST_KEY_UISupportedInterfaceOrientations_iPad = "UIInterfaceOrientationPortrait UIInterfaceOrientationPortraitUpsideDown UIInterfaceOrientationLandscapeLeft UIInterfaceOrientationLandscapeRight";
				INFOPLIST_KEY_UISupportedInterfaceOrientations_iPhone = "UIInterfaceOrientationPortrait UIInterfaceOrientationLandscapeLeft UIInterfaceOrientationLandscapeRight";
				LD_RUNPATH_SEARCH_PATHS = (
					"$(inherited)",
					"@executable_path/Frameworks",
				);
				MARKETING_VERSION = 1.0;
				PRODUCT_BUNDLE_IDENTIFIER = pingu.hwang.SwiftChessGame;
				PRODUCT_NAME = "$(TARGET_NAME)";
				SWIFT_EMIT_LOC_STRINGS = YES;
				SWIFT_VERSION = 5.0;
				TARGETED_DEVICE_FAMILY = "1,2";
			};
			name = Release;
		};
		7834CD4D28605D8D00E4A387 /* Debug */ = {
			isa = XCBuildConfiguration;
			buildSettings = {
				BUNDLE_LOADER = "$(TEST_HOST)";
				CODE_SIGN_STYLE = Automatic;
				CURRENT_PROJECT_VERSION = 1;
				DEVELOPMENT_TEAM = G3JB6ZQSQ8;
				GENERATE_INFOPLIST_FILE = YES;
				IPHONEOS_DEPLOYMENT_TARGET = 15.0;
				MARKETING_VERSION = 1.0;
				PRODUCT_BUNDLE_IDENTIFIER = pingu.hwang.SwiftChessGameTests;
				PRODUCT_NAME = "$(TARGET_NAME)";
				SWIFT_EMIT_LOC_STRINGS = NO;
				SWIFT_VERSION = 5.0;
				TARGETED_DEVICE_FAMILY = "1,2";
				TEST_HOST = "$(BUILT_PRODUCTS_DIR)/SwiftChessGame.app/SwiftChessGame";
			};
			name = Debug;
		};
		7834CD4E28605D8D00E4A387 /* Release */ = {
			isa = XCBuildConfiguration;
			buildSettings = {
				BUNDLE_LOADER = "$(TEST_HOST)";
				CODE_SIGN_STYLE = Automatic;
				CURRENT_PROJECT_VERSION = 1;
				DEVELOPMENT_TEAM = G3JB6ZQSQ8;
				GENERATE_INFOPLIST_FILE = YES;
				IPHONEOS_DEPLOYMENT_TARGET = 15.0;
				MARKETING_VERSION = 1.0;
				PRODUCT_BUNDLE_IDENTIFIER = pingu.hwang.SwiftChessGameTests;
				PRODUCT_NAME = "$(TARGET_NAME)";
				SWIFT_EMIT_LOC_STRINGS = NO;
				SWIFT_VERSION = 5.0;
				TARGETED_DEVICE_FAMILY = "1,2";
				TEST_HOST = "$(BUILT_PRODUCTS_DIR)/SwiftChessGame.app/SwiftChessGame";
			};
			name = Release;
		};
/* End XCBuildConfiguration section */

/* Begin XCConfigurationList section */
		7834CD012860429500E4A387 /* Build configuration list for PBXProject "SwiftChessGame" */ = {
			isa = XCConfigurationList;
			buildConfigurations = (
				7834CD182860429600E4A387 /* Debug */,
				7834CD192860429600E4A387 /* Release */,
			);
			defaultConfigurationIsVisible = 0;
			defaultConfigurationName = Release;
		};
		7834CD1A2860429600E4A387 /* Build configuration list for PBXNativeTarget "SwiftChessGame" */ = {
			isa = XCConfigurationList;
			buildConfigurations = (
				7834CD1B2860429600E4A387 /* Debug */,
				7834CD1C2860429600E4A387 /* Release */,
			);
			defaultConfigurationIsVisible = 0;
			defaultConfigurationName = Release;
		};
		7834CD4C28605D8D00E4A387 /* Build configuration list for PBXNativeTarget "SwiftChessGameTests" */ = {
			isa = XCConfigurationList;
			buildConfigurations = (
				7834CD4D28605D8D00E4A387 /* Debug */,
				7834CD4E28605D8D00E4A387 /* Release */,
			);
			defaultConfigurationIsVisible = 0;
			defaultConfigurationName = Release;
		};
/* End XCConfigurationList section */
	};
	rootObject = 7834CCFE2860429500E4A387 /* Project object */;
}
